// !$*UTF8*$!
{
	archiveVersion = 1;
	classes = {
	};
	objectVersion = 48;
	objects = {

/* Begin PBXBuildFile section */
		FEECD80144E1989C1570543B /* Pods_instagramCloneF.framework in Frameworks */ = {isa = PBXBuildFile; fileRef = 5D7D0889934A15CCE793BC0D /* Pods_instagramCloneF.framework */; };
		FEFE5E7B1F65DDCA002DB3AD /* AppDelegate.swift in Sources */ = {isa = PBXBuildFile; fileRef = FEFE5E7A1F65DDCA002DB3AD /* AppDelegate.swift */; };
		FEFE5E7D1F65DDCA002DB3AD /* feedVC.swift in Sources */ = {isa = PBXBuildFile; fileRef = FEFE5E7C1F65DDCA002DB3AD /* feedVC.swift */; };
		FEFE5E7F1F65DDCA002DB3AD /* uploadVC.swift in Sources */ = {isa = PBXBuildFile; fileRef = FEFE5E7E1F65DDCA002DB3AD /* uploadVC.swift */; };
		FEFE5E821F65DDCA002DB3AD /* Main.storyboard in Resources */ = {isa = PBXBuildFile; fileRef = FEFE5E801F65DDCA002DB3AD /* Main.storyboard */; };
		FEFE5E841F65DDCA002DB3AD /* Assets.xcassets in Resources */ = {isa = PBXBuildFile; fileRef = FEFE5E831F65DDCA002DB3AD /* Assets.xcassets */; };
		FEFE5E871F65DDCA002DB3AD /* LaunchScreen.storyboard in Resources */ = {isa = PBXBuildFile; fileRef = FEFE5E851F65DDCA002DB3AD /* LaunchScreen.storyboard */; };
		FEFE5E8F1F65E78E002DB3AD /* signUpVC.swift in Sources */ = {isa = PBXBuildFile; fileRef = FEFE5E8E1F65E78E002DB3AD /* signUpVC.swift */; };
/* End PBXBuildFile section */

/* Begin PBXFileReference section */
		5D7D0889934A15CCE793BC0D /* Pods_instagramCloneF.framework */ = {isa = PBXFileReference; explicitFileType = wrapper.framework; includeInIndex = 0; path = Pods_instagramCloneF.framework; sourceTree = BUILT_PRODUCTS_DIR; };
		E8DEEF3477FEDFE96C68B0DA /* Pods-instagramCloneF.release.xcconfig */ = {isa = PBXFileReference; includeInIndex = 1; lastKnownFileType = text.xcconfig; name = "Pods-instagramCloneF.release.xcconfig"; path = "Pods/Target Support Files/Pods-instagramCloneF/Pods-instagramCloneF.release.xcconfig"; sourceTree = "<group>"; };
		F93D8405746D936170F05728 /* Pods-instagramCloneF.debug.xcconfig */ = {isa = PBXFileReference; includeInIndex = 1; lastKnownFileType = text.xcconfig; name = "Pods-instagramCloneF.debug.xcconfig"; path = "Pods/Target Support Files/Pods-instagramCloneF/Pods-instagramCloneF.debug.xcconfig"; sourceTree = "<group>"; };
		FEFE5E771F65DDCA002DB3AD /* instagramCloneF.app */ = {isa = PBXFileReference; explicitFileType = wrapper.application; includeInIndex = 0; path = instagramCloneF.app; sourceTree = BUILT_PRODUCTS_DIR; };
		FEFE5E7A1F65DDCA002DB3AD /* AppDelegate.swift */ = {isa = PBXFileReference; lastKnownFileType = sourcecode.swift; path = AppDelegate.swift; sourceTree = "<group>"; };
		FEFE5E7C1F65DDCA002DB3AD /* feedVC.swift */ = {isa = PBXFileReference; lastKnownFileType = sourcecode.swift; path = feedVC.swift; sourceTree = "<group>"; };
		FEFE5E7E1F65DDCA002DB3AD /* uploadVC.swift */ = {isa = PBXFileReference; lastKnownFileType = sourcecode.swift; path = uploadVC.swift; sourceTree = "<group>"; };
		FEFE5E811F65DDCA002DB3AD /* Base */ = {isa = PBXFileReference; lastKnownFileType = file.storyboard; name = Base; path = Base.lproj/Main.storyboard; sourceTree = "<group>"; };
		FEFE5E831F65DDCA002DB3AD /* Assets.xcassets */ = {isa = PBXFileReference; lastKnownFileType = folder.assetcatalog; path = Assets.xcassets; sourceTree = "<group>"; };
		FEFE5E861F65DDCA002DB3AD /* Base */ = {isa = PBXFileReference; lastKnownFileType = file.storyboard; name = Base; path = Base.lproj/LaunchScreen.storyboard; sourceTree = "<group>"; };
		FEFE5E881F65DDCA002DB3AD /* Info.plist */ = {isa = PBXFileReference; lastKnownFileType = text.plist.xml; path = Info.plist; sourceTree = "<group>"; };
		FEFE5E8E1F65E78E002DB3AD /* signUpVC.swift */ = {isa = PBXFileReference; lastKnownFileType = sourcecode.swift; path = signUpVC.swift; sourceTree = "<group>"; };
		FEFE5E901F66131D002DB3AD /* GoogleService-Info.plist */ = {isa = PBXFileReference; lastKnownFileType = text.plist.xml; path = "GoogleService-Info.plist"; sourceTree = "<group>"; };
/* End PBXFileReference section */

/* Begin PBXFrameworksBuildPhase section */
		FEFE5E741F65DDCA002DB3AD /* Frameworks */ = {
			isa = PBXFrameworksBuildPhase;
			buildActionMask = 2147483647;
			files = (
				FEECD80144E1989C1570543B /* Pods_instagramCloneF.framework in Frameworks */,
			);
			runOnlyForDeploymentPostprocessing = 0;
		};
/* End PBXFrameworksBuildPhase section */

/* Begin PBXGroup section */
		4B92D2B24CD0579947214A49 /* Frameworks */ = {
			isa = PBXGroup;
			children = (
				5D7D0889934A15CCE793BC0D /* Pods_instagramCloneF.framework */,
			);
			name = Frameworks;
			sourceTree = "<group>";
		};
		7B2ABE8612113A782BB0CA38 /* Pods */ = {
			isa = PBXGroup;
			children = (
				F93D8405746D936170F05728 /* Pods-instagramCloneF.debug.xcconfig */,
				E8DEEF3477FEDFE96C68B0DA /* Pods-instagramCloneF.release.xcconfig */,
			);
			name = Pods;
			sourceTree = "<group>";
		};
		FEFE5E6E1F65DDC8002DB3AD = {
			isa = PBXGroup;
			children = (
				FEFE5E791F65DDCA002DB3AD /* instagramCloneF */,
				FEFE5E781F65DDCA002DB3AD /* Products */,
				7B2ABE8612113A782BB0CA38 /* Pods */,
				4B92D2B24CD0579947214A49 /* Frameworks */,
			);
			sourceTree = "<group>";
		};
		FEFE5E781F65DDCA002DB3AD /* Products */ = {
			isa = PBXGroup;
			children = (
				FEFE5E771F65DDCA002DB3AD /* instagramCloneF.app */,
			);
			name = Products;
			sourceTree = "<group>";
		};
		FEFE5E791F65DDCA002DB3AD /* instagramCloneF */ = {
			isa = PBXGroup;
			children = (
				FEFE5E7A1F65DDCA002DB3AD /* AppDelegate.swift */,
				FEFE5E8E1F65E78E002DB3AD /* signUpVC.swift */,
				FEFE5E7C1F65DDCA002DB3AD /* feedVC.swift */,
				FEFE5E7E1F65DDCA002DB3AD /* uploadVC.swift */,
				FEFE5E801F65DDCA002DB3AD /* Main.storyboard */,
				FEFE5E831F65DDCA002DB3AD /* Assets.xcassets */,
				FEFE5E851F65DDCA002DB3AD /* LaunchScreen.storyboard */,
				FEFE5E881F65DDCA002DB3AD /* Info.plist */,
				FEFE5E901F66131D002DB3AD /* GoogleService-Info.plist */,
			);
			path = instagramCloneF;
			sourceTree = "<group>";
		};
/* End PBXGroup section */

/* Begin PBXNativeTarget section */
		FEFE5E761F65DDCA002DB3AD /* instagramCloneF */ = {
			isa = PBXNativeTarget;
			buildConfigurationList = FEFE5E8B1F65DDCA002DB3AD /* Build configuration list for PBXNativeTarget "instagramCloneF" */;
			buildPhases = (
				D629319B77C0DDA919D16FA4 /* [CP] Check Pods Manifest.lock */,
				FEFE5E731F65DDCA002DB3AD /* Sources */,
				FEFE5E741F65DDCA002DB3AD /* Frameworks */,
				FEFE5E751F65DDCA002DB3AD /* Resources */,
				15D1418C4FD31DC877AFB205 /* [CP] Embed Pods Frameworks */,
				FFD97D6AA81A3BC3A05DC186 /* [CP] Copy Pods Resources */,
			);
			buildRules = (
			);
			dependencies = (
			);
			name = instagramCloneF;
			productName = instagramCloneF;
			productReference = FEFE5E771F65DDCA002DB3AD /* instagramCloneF.app */;
			productType = "com.apple.product-type.application";
		};
/* End PBXNativeTarget section */

/* Begin PBXProject section */
		FEFE5E6F1F65DDC9002DB3AD /* Project object */ = {
			isa = PBXProject;
			attributes = {
				LastSwiftUpdateCheck = 0900;
				LastUpgradeCheck = 0900;
				ORGANIZATIONNAME = simplyAmazingMachines;
				TargetAttributes = {
					FEFE5E761F65DDCA002DB3AD = {
						CreatedOnToolsVersion = 9.0;
					};
				};
			};
			buildConfigurationList = FEFE5E721F65DDC9002DB3AD /* Build configuration list for PBXProject "instagramCloneF" */;
			compatibilityVersion = "Xcode 8.0";
			developmentRegion = en;
			hasScannedForEncodings = 0;
			knownRegions = (
				en,
				Base,
			);
			mainGroup = FEFE5E6E1F65DDC8002DB3AD;
			productRefGroup = FEFE5E781F65DDCA002DB3AD /* Products */;
			projectDirPath = "";
			projectRoot = "";
			targets = (
				FEFE5E761F65DDCA002DB3AD /* instagramCloneF */,
			);
		};
/* End PBXProject section */

/* Begin PBXResourcesBuildPhase section */
		FEFE5E751F65DDCA002DB3AD /* Resources */ = {
			isa = PBXResourcesBuildPhase;
			buildActionMask = 2147483647;
			files = (
				FEFE5E871F65DDCA002DB3AD /* LaunchScreen.storyboard in Resources */,
				FEFE5E841F65DDCA002DB3AD /* Assets.xcassets in Resources */,
				FEFE5E821F65DDCA002DB3AD /* Main.storyboard in Resources */,
			);
			runOnlyForDeploymentPostprocessing = 0;
		};
/* End PBXResourcesBuildPhase section */

/* Begin PBXShellScriptBuildPhase section */
		15D1418C4FD31DC877AFB205 /* [CP] Embed Pods Frameworks */ = {
			isa = PBXShellScriptBuildPhase;
			buildActionMask = 2147483647;
			files = (
			);
			inputPaths = (
			);
			name = "[CP] Embed Pods Frameworks";
			outputPaths = (
			);
			runOnlyForDeploymentPostprocessing = 0;
			shellPath = /bin/sh;
			shellScript = "\"${SRCROOT}/Pods/Target Support Files/Pods-instagramCloneF/Pods-instagramCloneF-frameworks.sh\"\n";
			showEnvVarsInLog = 0;
		};
		D629319B77C0DDA919D16FA4 /* [CP] Check Pods Manifest.lock */ = {
			isa = PBXShellScriptBuildPhase;
			buildActionMask = 2147483647;
			files = (
			);
			inputPaths = (
			);
			name = "[CP] Check Pods Manifest.lock";
			outputPaths = (
			);
			runOnlyForDeploymentPostprocessing = 0;
			shellPath = /bin/sh;
			shellScript = "diff \"${PODS_ROOT}/../Podfile.lock\" \"${PODS_ROOT}/Manifest.lock\" > /dev/null\nif [ $? != 0 ] ; then\n    # print error to STDERR\n    echo \"error: The sandbox is not in sync with the Podfile.lock. Run 'pod install' or update your CocoaPods installation.\" >&2\n    exit 1\nfi\n";
			showEnvVarsInLog = 0;
		};
		FFD97D6AA81A3BC3A05DC186 /* [CP] Copy Pods Resources */ = {
			isa = PBXShellScriptBuildPhase;
			buildActionMask = 2147483647;
			files = (
			);
			inputPaths = (
			);
			name = "[CP] Copy Pods Resources";
			outputPaths = (
			);
			runOnlyForDeploymentPostprocessing = 0;
			shellPath = /bin/sh;
			shellScript = "\"${SRCROOT}/Pods/Target Support Files/Pods-instagramCloneF/Pods-instagramCloneF-resources.sh\"\n";
			showEnvVarsInLog = 0;
		};
/* End PBXShellScriptBuildPhase section */

/* Begin PBXSourcesBuildPhase section */
		FEFE5E731F65DDCA002DB3AD /* Sources */ = {
			isa = PBXSourcesBuildPhase;
			buildActionMask = 2147483647;
			files = (
				FEFE5E8F1F65E78E002DB3AD /* signUpVC.swift in Sources */,
				FEFE5E7F1F65DDCA002DB3AD /* uploadVC.swift in Sources */,
				FEFE5E7B1F65DDCA002DB3AD /* AppDelegate.swift in Sources */,
				FEFE5E7D1F65DDCA002DB3AD /* feedVC.swift in Sources */,
			);
			runOnlyForDeploymentPostprocessing = 0;
		};
/* End PBXSourcesBuildPhase section */

/* Begin PBXVariantGroup section */
		FEFE5E801F65DDCA002DB3AD /* Main.storyboard */ = {
			isa = PBXVariantGroup;
			children = (
				FEFE5E811F65DDCA002DB3AD /* Base */,
			);
			name = Main.storyboard;
			sourceTree = "<group>";
		};
		FEFE5E851F65DDCA002DB3AD /* LaunchScreen.storyboard */ = {
			isa = PBXVariantGroup;
			children = (
				FEFE5E861F65DDCA002DB3AD /* Base */,
			);
			name = LaunchScreen.storyboard;
			sourceTree = "<group>";
		};
/* End PBXVariantGroup section */

/* Begin XCBuildConfiguration section */
		FEFE5E891F65DDCA002DB3AD /* Debug */ = {
			isa = XCBuildConfiguration;
			buildSettings = {
				ALWAYS_SEARCH_USER_PATHS = NO;
				CLANG_ANALYZER_NONNULL = YES;
				CLANG_ANALYZER_NUMBER_OBJECT_CONVERSION = YES_AGGRESSIVE;
				CLANG_CXX_LANGUAGE_STANDARD = "gnu++14";
				CLANG_CXX_LIBRARY = "libc++";
				CLANG_ENABLE_MODULES = YES;
				CLANG_ENABLE_OBJC_ARC = YES;
				CLANG_WARN_BLOCK_CAPTURE_AUTORELEASING = YES;
				CLANG_WARN_BOOL_CONVERSION = YES;
				CLANG_WARN_COMMA = YES;
				CLANG_WARN_CONSTANT_CONVERSION = YES;
				CLANG_WARN_DIRECT_OBJC_ISA_USAGE = YES_ERROR;
				CLANG_WARN_DOCUMENTATION_COMMENTS = YES;
				CLANG_WARN_EMPTY_BODY = YES;
				CLANG_WARN_ENUM_CONVERSION = YES;
				CLANG_WARN_INFINITE_RECURSION = YES;
				CLANG_WARN_INT_CONVERSION = YES;
				CLANG_WARN_NON_LITERAL_NULL_CONVERSION = YES;
				CLANG_WARN_OBJC_LITERAL_CONVERSION = YES;
				CLANG_WARN_OBJC_ROOT_CLASS = YES_ERROR;
				CLANG_WARN_RANGE_LOOP_ANALYSIS = YES;
				CLANG_WARN_STRICT_PROTOTYPES = YES;
				CLANG_WARN_SUSPICIOUS_MOVE = YES;
				CLANG_WARN_UNGUARDED_AVAILABILITY = YES_AGGRESSIVE;
				CLANG_WARN_UNREACHABLE_CODE = YES;
				CLANG_WARN__DUPLICATE_METHOD_MATCH = YES;
				CODE_SIGN_IDENTITY = "iPhone Developer";
				COPY_PHASE_STRIP = NO;
				DEBUG_INFORMATION_FORMAT = dwarf;
				ENABLE_STRICT_OBJC_MSGSEND = YES;
				ENABLE_TESTABILITY = YES;
				GCC_C_LANGUAGE_STANDARD = gnu11;
				GCC_DYNAMIC_NO_PIC = NO;
				GCC_NO_COMMON_BLOCKS = YES;
				GCC_OPTIMIZATION_LEVEL = 0;
				GCC_PREPROCESSOR_DEFINITIONS = (
					"DEBUG=1",
					"$(inherited)",
				);
				GCC_WARN_64_TO_32_BIT_CONVERSION = YES;
				GCC_WARN_ABOUT_RETURN_TYPE = YES_ERROR;
				GCC_WARN_UNDECLARED_SELECTOR = YES;
				GCC_WARN_UNINITIALIZED_AUTOS = YES_AGGRESSIVE;
				GCC_WARN_UNUSED_FUNCTION = YES;
				GCC_WARN_UNUSED_VARIABLE = YES;
				IPHONEOS_DEPLOYMENT_TARGET = 11.0;
				MTL_ENABLE_DEBUG_INFO = YES;
				ONLY_ACTIVE_ARCH = YES;
				SDKROOT = iphoneos;
				SWIFT_ACTIVE_COMPILATION_CONDITIONS = DEBUG;
				SWIFT_OPTIMIZATION_LEVEL = "-Onone";
			};
			name = Debug;
		};
		FEFE5E8A1F65DDCA002DB3AD /* Release */ = {
			isa = XCBuildConfiguration;
			buildSettings = {
				ALWAYS_SEARCH_USER_PATHS = NO;
				CLANG_ANALYZER_NONNULL = YES;
				CLANG_ANALYZER_NUMBER_OBJECT_CONVERSION = YES_AGGRESSIVE;
				CLANG_CXX_LANGUAGE_STANDARD = "gnu++14";
				CLANG_CXX_LIBRARY = "libc++";
				CLANG_ENABLE_MODULES = YES;
				CLANG_ENABLE_OBJC_ARC = YES;
				CLANG_WARN_BLOCK_CAPTURE_AUTORELEASING = YES;
				CLANG_WARN_BOOL_CONVERSION = YES;
				CLANG_WARN_COMMA = YES;
				CLANG_WARN_CONSTANT_CONVERSION = YES;
				CLANG_WARN_DIRECT_OBJC_ISA_USAGE = YES_ERROR;
				CLANG_WARN_DOCUMENTATION_COMMENTS = YES;
				CLANG_WARN_EMPTY_BODY = YES;
				CLANG_WARN_ENUM_CONVERSION = YES;
				CLANG_WARN_INFINITE_RECURSION = YES;
				CLANG_WARN_INT_CONVERSION = YES;
				CLANG_WARN_NON_LITERAL_NULL_CONVERSION = YES;
				CLANG_WARN_OBJC_LITERAL_CONVERSION = YES;
				CLANG_WARN_OBJC_ROOT_CLASS = YES_ERROR;
				CLANG_WARN_RANGE_LOOP_ANALYSIS = YES;
				CLANG_WARN_STRICT_PROTOTYPES = YES;
				CLANG_WARN_SUSPICIOUS_MOVE = YES;
				CLANG_WARN_UNGUARDED_AVAILABILITY = YES_AGGRESSIVE;
				CLANG_WARN_UNREACHABLE_CODE = YES;
				CLANG_WARN__DUPLICATE_METHOD_MATCH = YES;
				CODE_SIGN_IDENTITY = "iPhone Developer";
				COPY_PHASE_STRIP = NO;
				DEBUG_INFORMATION_FORMAT = "dwarf-with-dsym";
				ENABLE_NS_ASSERTIONS = NO;
				ENABLE_STRICT_OBJC_MSGSEND = YES;
				GCC_C_LANGUAGE_STANDARD = gnu11;
				GCC_NO_COMMON_BLOCKS = YES;
				GCC_WARN_64_TO_32_BIT_CONVERSION = YES;
				GCC_WARN_ABOUT_RETURN_TYPE = YES_ERROR;
				GCC_WARN_UNDECLARED_SELECTOR = YES;
				GCC_WARN_UNINITIALIZED_AUTOS = YES_AGGRESSIVE;
				GCC_WARN_UNUSED_FUNCTION = YES;
				GCC_WARN_UNUSED_VARIABLE = YES;
				IPHONEOS_DEPLOYMENT_TARGET = 11.0;
				MTL_ENABLE_DEBUG_INFO = NO;
				SDKROOT = iphoneos;
				SWIFT_OPTIMIZATION_LEVEL = "-Owholemodule";
				VALIDATE_PRODUCT = YES;
			};
			name = Release;
		};
		FEFE5E8C1F65DDCA002DB3AD /* Debug */ = {
			isa = XCBuildConfiguration;
			baseConfigurationReference = F93D8405746D936170F05728 /* Pods-instagramCloneF.debug.xcconfig */;
			buildSettings = {
				ASSETCATALOG_COMPILER_APPICON_NAME = AppIcon;
				DEVELOPMENT_TEAM = 4LBT7283WA;
				INFOPLIST_FILE = instagramCloneF/Info.plist;
				LD_RUNPATH_SEARCH_PATHS = "$(inherited) @executable_path/Frameworks";
				PRODUCT_BUNDLE_IDENTIFIER = com.simple.instagramCloneF;
				PRODUCT_NAME = "$(TARGET_NAME)";
				SWIFT_VERSION = 4.0;
				TARGETED_DEVICE_FAMILY = "1,2";
			};
			name = Debug;
		};
		FEFE5E8D1F65DDCA002DB3AD /* Release */ = {
			isa = XCBuildConfiguration;
			baseConfigurationReference = E8DEEF3477FEDFE96C68B0DA /* Pods-instagramCloneF.release.xcconfig */;
			buildSettings = {
				ASSETCATALOG_COMPILER_APPICON_NAME = AppIcon;
				DEVELOPMENT_TEAM = 4LBT7283WA;
				INFOPLIST_FILE = instagramCloneF/Info.plist;
				LD_RUNPATH_SEARCH_PATHS = "$(inherited) @executable_path/Frameworks";
				PRODUCT_BUNDLE_IDENTIFIER = com.simple.instagramCloneF;
				PRODUCT_NAME = "$(TARGET_NAME)";
				SWIFT_VERSION = 4.0;
				TARGETED_DEVICE_FAMILY = "1,2";
			};
			name = Release;
		};
/* End XCBuildConfiguration section */

/* Begin XCConfigurationList section */
		FEFE5E721F65DDC9002DB3AD /* Build configuration list for PBXProject "instagramCloneF" */ = {
			isa = XCConfigurationList;
			buildConfigurations = (
				FEFE5E891F65DDCA002DB3AD /* Debug */,
				FEFE5E8A1F65DDCA002DB3AD /* Release */,
			);
			defaultConfigurationIsVisible = 0;
			defaultConfigurationName = Release;
		};
		FEFE5E8B1F65DDCA002DB3AD /* Build configuration list for PBXNativeTarget "instagramCloneF" */ = {
			isa = XCConfigurationList;
			buildConfigurations = (
				FEFE5E8C1F65DDCA002DB3AD /* Debug */,
				FEFE5E8D1F65DDCA002DB3AD /* Release */,
			);
			defaultConfigurationIsVisible = 0;
			defaultConfigurationName = Release;
		};
/* End XCConfigurationList section */
	};
	rootObject = FEFE5E6F1F65DDC9002DB3AD /* Project object */;
}
